# This file is @generated by PDM.
# It is not intended for manual editing.

[metadata]
groups = ["default", "builtin-toolchain", "http"]
strategy = ["cross_platform", "direct_minimal_versions"]
lock_version = "4.4"
content_hash = "sha256:1b3c6cd5627ef845571a3ec0410e0dd8e0743021a5d02e3685cf4d63149e8fa2"

[[package]]
name = "aiohttp"
version = "3.9.0"
requires_python = ">=3.8"
summary = "Async http client/server framework (asyncio)"
dependencies = [
    "aiosignal>=1.1.2",
    "async-timeout<5.0,>=4.0; python_version < \"3.11\"",
    "attrs>=17.3.0",
    "frozenlist>=1.1.1",
    "multidict<7.0,>=4.5",
    "yarl<2.0,>=1.0",
]
files = [
    {file = "aiohttp-3.9.0-cp310-cp310-macosx_10_9_universal2.whl", hash = "sha256:6896b8416be9ada4d22cd359d7cb98955576ce863eadad5596b7cdfbf3e17c6c"},
    {file = "aiohttp-3.9.0-cp310-cp310-macosx_10_9_x86_64.whl", hash = "sha256:1736d87dad8ef46a8ec9cddd349fa9f7bd3a064c47dd6469c0d6763d3d49a4fc"},
    {file = "aiohttp-3.9.0-cp310-cp310-macosx_11_0_arm64.whl", hash = "sha256:8c9e5f4d7208cda1a2bb600e29069eecf857e6980d0ccc922ccf9d1372c16f4b"},
    {file = "aiohttp-3.9.0-cp310-cp310-manylinux_2_17_aarch64.manylinux2014_aarch64.whl", hash = "sha256:8488519aa05e636c5997719fe543c8daf19f538f4fa044f3ce94bee608817cff"},
    {file = "aiohttp-3.9.0-cp310-cp310-manylinux_2_17_ppc64le.manylinux2014_ppc64le.whl", hash = "sha256:5ab16c254e2312efeb799bc3c06897f65a133b38b69682bf75d1f1ee1a9c43a9"},
    {file = "aiohttp-3.9.0-cp310-cp310-manylinux_2_17_s390x.manylinux2014_s390x.whl", hash = "sha256:7a94bde005a8f926d0fa38b88092a03dea4b4875a61fbcd9ac6f4351df1b57cd"},
    {file = "aiohttp-3.9.0-cp310-cp310-manylinux_2_17_x86_64.manylinux2014_x86_64.whl", hash = "sha256:4b777c9286b6c6a94f50ddb3a6e730deec327e9e2256cb08b5530db0f7d40fd8"},
    {file = "aiohttp-3.9.0-cp310-cp310-manylinux_2_5_i686.manylinux1_i686.manylinux_2_17_i686.manylinux2014_i686.whl", hash = "sha256:571760ad7736b34d05597a1fd38cbc7d47f7b65deb722cb8e86fd827404d1f6b"},
    {file = "aiohttp-3.9.0-cp310-cp310-musllinux_1_1_aarch64.whl", hash = "sha256:deac0a32aec29608eb25d730f4bc5a261a65b6c48ded1ed861d2a1852577c932"},
    {file = "aiohttp-3.9.0-cp310-cp310-musllinux_1_1_i686.whl", hash = "sha256:4ee1b4152bc3190cc40ddd6a14715e3004944263ea208229ab4c297712aa3075"},
    {file = "aiohttp-3.9.0-cp310-cp310-musllinux_1_1_ppc64le.whl", hash = "sha256:3607375053df58ed6f23903aa10cf3112b1240e8c799d243bbad0f7be0666986"},
    {file = "aiohttp-3.9.0-cp310-cp310-musllinux_1_1_s390x.whl", hash = "sha256:65b0a70a25456d329a5e1426702dde67be0fb7a4ead718005ba2ca582d023a94"},
    {file = "aiohttp-3.9.0-cp310-cp310-musllinux_1_1_x86_64.whl", hash = "sha256:5a2eb5311a37fe105aa35f62f75a078537e1a9e4e1d78c86ec9893a3c97d7a30"},
    {file = "aiohttp-3.9.0-cp310-cp310-win32.whl", hash = "sha256:2cbc14a13fb6b42d344e4f27746a4b03a2cb0c1c3c5b932b0d6ad8881aa390e3"},
    {file = "aiohttp-3.9.0-cp310-cp310-win_amd64.whl", hash = "sha256:ac9669990e2016d644ba8ae4758688534aabde8dbbc81f9af129c3f5f01ca9cd"},
    {file = "aiohttp-3.9.0-cp311-cp311-macosx_10_9_universal2.whl", hash = "sha256:f8e05f5163528962ce1d1806fce763ab893b1c5b7ace0a3538cd81a90622f844"},
    {file = "aiohttp-3.9.0-cp311-cp311-macosx_10_9_x86_64.whl", hash = "sha256:4afa8f71dba3a5a2e1e1282a51cba7341ae76585345c43d8f0e624882b622218"},
    {file = "aiohttp-3.9.0-cp311-cp311-macosx_11_0_arm64.whl", hash = "sha256:f929f4c9b9a00f3e6cc0587abb95ab9c05681f8b14e0fe1daecfa83ea90f8318"},
    {file = "aiohttp-3.9.0-cp311-cp311-manylinux_2_17_aarch64.manylinux2014_aarch64.whl", hash = "sha256:28185e36a78d247c55e9fbea2332d16aefa14c5276a582ce7a896231c6b1c208"},
    {file = "aiohttp-3.9.0-cp311-cp311-manylinux_2_17_ppc64le.manylinux2014_ppc64le.whl", hash = "sha256:a486ddf57ab98b6d19ad36458b9f09e6022de0381674fe00228ca7b741aacb2f"},
    {file = "aiohttp-3.9.0-cp311-cp311-manylinux_2_17_s390x.manylinux2014_s390x.whl", hash = "sha256:70e851f596c00f40a2f00a46126c95c2e04e146015af05a9da3e4867cfc55911"},
    {file = "aiohttp-3.9.0-cp311-cp311-manylinux_2_17_x86_64.manylinux2014_x86_64.whl", hash = "sha256:c5b7bf8fe4d39886adc34311a233a2e01bc10eb4e842220235ed1de57541a896"},
    {file = "aiohttp-3.9.0-cp311-cp311-manylinux_2_5_i686.manylinux1_i686.manylinux_2_17_i686.manylinux2014_i686.whl", hash = "sha256:c67a51ea415192c2e53e4e048c78bab82d21955b4281d297f517707dc836bf3d"},
    {file = "aiohttp-3.9.0-cp311-cp311-musllinux_1_1_aarch64.whl", hash = "sha256:694df243f394629bcae2d8ed94c589a181e8ba8604159e6e45e7b22e58291113"},
    {file = "aiohttp-3.9.0-cp311-cp311-musllinux_1_1_i686.whl", hash = "sha256:3dd8119752dd30dd7bca7d4bc2a92a59be6a003e4e5c2cf7e248b89751b8f4b7"},
    {file = "aiohttp-3.9.0-cp311-cp311-musllinux_1_1_ppc64le.whl", hash = "sha256:eb6dfd52063186ac97b4caa25764cdbcdb4b10d97f5c5f66b0fa95052e744eb7"},
    {file = "aiohttp-3.9.0-cp311-cp311-musllinux_1_1_s390x.whl", hash = "sha256:d97c3e286d0ac9af6223bc132dc4bad6540b37c8d6c0a15fe1e70fb34f9ec411"},
    {file = "aiohttp-3.9.0-cp311-cp311-musllinux_1_1_x86_64.whl", hash = "sha256:816f4db40555026e4cdda604a1088577c1fb957d02f3f1292e0221353403f192"},
    {file = "aiohttp-3.9.0-cp311-cp311-win32.whl", hash = "sha256:3abf0551874fecf95f93b58f25ef4fc9a250669a2257753f38f8f592db85ddea"},
    {file = "aiohttp-3.9.0-cp311-cp311-win_amd64.whl", hash = "sha256:e18d92c3e9e22553a73e33784fcb0ed484c9874e9a3e96c16a8d6a1e74a0217b"},
    {file = "aiohttp-3.9.0-cp312-cp312-macosx_10_9_universal2.whl", hash = "sha256:99ae01fb13a618b9942376df77a1f50c20a281390dad3c56a6ec2942e266220d"},
    {file = "aiohttp-3.9.0-cp312-cp312-macosx_10_9_x86_64.whl", hash = "sha256:05857848da443c8c12110d99285d499b4e84d59918a21132e45c3f0804876994"},
    {file = "aiohttp-3.9.0-cp312-cp312-macosx_11_0_arm64.whl", hash = "sha256:317719d7f824eba55857fe0729363af58e27c066c731bc62cd97bc9c3d9c7ea4"},
    {file = "aiohttp-3.9.0-cp312-cp312-manylinux_2_17_aarch64.manylinux2014_aarch64.whl", hash = "sha256:a1e3b3c107ccb0e537f309f719994a55621acd2c8fdf6d5ce5152aed788fb940"},
    {file = "aiohttp-3.9.0-cp312-cp312-manylinux_2_17_ppc64le.manylinux2014_ppc64le.whl", hash = "sha256:45820ddbb276113ead8d4907a7802adb77548087ff5465d5c554f9aa3928ae7d"},
    {file = "aiohttp-3.9.0-cp312-cp312-manylinux_2_17_s390x.manylinux2014_s390x.whl", hash = "sha256:05a183f1978802588711aed0dea31e697d760ce9055292db9dc1604daa9a8ded"},
    {file = "aiohttp-3.9.0-cp312-cp312-manylinux_2_17_x86_64.manylinux2014_x86_64.whl", hash = "sha256:51a4cd44788ea0b5e6bb8fa704597af3a30be75503a7ed1098bc5b8ffdf6c982"},
    {file = "aiohttp-3.9.0-cp312-cp312-manylinux_2_5_i686.manylinux1_i686.manylinux_2_17_i686.manylinux2014_i686.whl", hash = "sha256:673343fbc0c1ac44d0d2640addc56e97a052504beacd7ade0dc5e76d3a4c16e8"},
    {file = "aiohttp-3.9.0-cp312-cp312-musllinux_1_1_aarch64.whl", hash = "sha256:7e8a3b79b6d186a9c99761fd4a5e8dd575a48d96021f220ac5b5fa856e5dd029"},
    {file = "aiohttp-3.9.0-cp312-cp312-musllinux_1_1_i686.whl", hash = "sha256:6777a390e41e78e7c45dab43a4a0196c55c3b8c30eebe017b152939372a83253"},
    {file = "aiohttp-3.9.0-cp312-cp312-musllinux_1_1_ppc64le.whl", hash = "sha256:7ae5f99a32c53731c93ac3075abd3e1e5cfbe72fc3eaac4c27c9dd64ba3b19fe"},
    {file = "aiohttp-3.9.0-cp312-cp312-musllinux_1_1_s390x.whl", hash = "sha256:f1e4f254e9c35d8965d377e065c4a8a55d396fe87c8e7e8429bcfdeeb229bfb3"},
    {file = "aiohttp-3.9.0-cp312-cp312-musllinux_1_1_x86_64.whl", hash = "sha256:11ca808f9a6b63485059f5f6e164ef7ec826483c1212a44f268b3653c91237d8"},
    {file = "aiohttp-3.9.0-cp312-cp312-win32.whl", hash = "sha256:de3cc86f4ea8b4c34a6e43a7306c40c1275e52bfa9748d869c6b7d54aa6dad80"},
    {file = "aiohttp-3.9.0-cp312-cp312-win_amd64.whl", hash = "sha256:ca4fddf84ac7d8a7d0866664936f93318ff01ee33e32381a115b19fb5a4d1202"},
    {file = "aiohttp-3.9.0-cp39-cp39-macosx_10_9_universal2.whl", hash = "sha256:98d21092bf2637c5fa724a428a69e8f5955f2182bff61f8036827cf6ce1157bf"},
    {file = "aiohttp-3.9.0-cp39-cp39-macosx_10_9_x86_64.whl", hash = "sha256:35a68cd63ca6aaef5707888f17a70c36efe62b099a4e853d33dc2e9872125be8"},
    {file = "aiohttp-3.9.0-cp39-cp39-macosx_11_0_arm64.whl", hash = "sha256:3d7f6235c7475658acfc1769d968e07ab585c79f6ca438ddfecaa9a08006aee2"},
    {file = "aiohttp-3.9.0-cp39-cp39-manylinux_2_17_aarch64.manylinux2014_aarch64.whl", hash = "sha256:db04d1de548f7a62d1dd7e7cdf7c22893ee168e22701895067a28a8ed51b3735"},
    {file = "aiohttp-3.9.0-cp39-cp39-manylinux_2_17_ppc64le.manylinux2014_ppc64le.whl", hash = "sha256:536b01513d67d10baf6f71c72decdf492fb7433c5f2f133e9a9087379d4b6f31"},
    {file = "aiohttp-3.9.0-cp39-cp39-manylinux_2_17_s390x.manylinux2014_s390x.whl", hash = "sha256:87c8b0a6487e8109427ccf638580865b54e2e3db4a6e0e11c02639231b41fc0f"},
    {file = "aiohttp-3.9.0-cp39-cp39-manylinux_2_17_x86_64.manylinux2014_x86_64.whl", hash = "sha256:7276fe0017664414fdc3618fca411630405f1aaf0cc3be69def650eb50441787"},
    {file = "aiohttp-3.9.0-cp39-cp39-manylinux_2_5_i686.manylinux1_i686.manylinux_2_17_i686.manylinux2014_i686.whl", hash = "sha256:23170247ef89ffa842a02bbfdc425028574d9e010611659abeb24d890bc53bb8"},
    {file = "aiohttp-3.9.0-cp39-cp39-musllinux_1_1_aarch64.whl", hash = "sha256:b1a2ea8252cacc7fd51df5a56d7a2bb1986ed39be9397b51a08015727dfb69bd"},
    {file = "aiohttp-3.9.0-cp39-cp39-musllinux_1_1_i686.whl", hash = "sha256:2d71abc15ff7047412ef26bf812dfc8d0d1020d664617f4913df2df469f26b76"},
    {file = "aiohttp-3.9.0-cp39-cp39-musllinux_1_1_ppc64le.whl", hash = "sha256:2d820162c8c2bdbe97d328cd4f417c955ca370027dce593345e437b2e9ffdc4d"},
    {file = "aiohttp-3.9.0-cp39-cp39-musllinux_1_1_s390x.whl", hash = "sha256:2779f5e7c70f7b421915fd47db332c81de365678180a9f3ab404088f87ba5ff9"},
    {file = "aiohttp-3.9.0-cp39-cp39-musllinux_1_1_x86_64.whl", hash = "sha256:366bc870d7ac61726f32a489fbe3d1d8876e87506870be66b01aeb84389e967e"},
    {file = "aiohttp-3.9.0-cp39-cp39-win32.whl", hash = "sha256:1df43596b826022b14998f0460926ce261544fedefe0d2f653e1b20f49e96454"},
    {file = "aiohttp-3.9.0-cp39-cp39-win_amd64.whl", hash = "sha256:9c196b30f1b1aa3363a69dd69079ae9bec96c2965c4707eaa6914ba099fb7d4f"},
    {file = "aiohttp-3.9.0.tar.gz", hash = "sha256:09f23292d29135025e19e8ff4f0a68df078fe4ee013bca0105b2e803989de92d"},
]

[[package]]
name = "aiohttp-remotes"
version = "1.2.0"
requires_python = ">=3.6"
summary = "Control remote side information."
dependencies = [
    "aiohttp>=3.8.1",
    "typing-extensions>=3.7.4",
]
files = [
    {file = "aiohttp_remotes-1.2.0-py3-none-any.whl", hash = "sha256:1bc2b11b285b82fab920cc774b8778128d4666e6f6628d6664dfba705ffda062"},
    {file = "aiohttp_remotes-1.2.0.tar.gz", hash = "sha256:f95c3a6be5e2de746a85ce9af49ec548da6db8378d7e81bb171ec77b13562a6c"},
]

[[package]]
name = "aiosignal"
version = "1.3.1"
requires_python = ">=3.7"
summary = "aiosignal: a list of registered asynchronous callbacks"
dependencies = [
    "frozenlist>=1.1.0",
]
files = [
    {file = "aiosignal-1.3.1-py3-none-any.whl", hash = "sha256:f8376fb07dd1e86a584e4fcdec80b36b7f81aac666ebc724e2c090300dd83b17"},
    {file = "aiosignal-1.3.1.tar.gz", hash = "sha256:54cd96e15e1649b75d6c87526a6ff0b6c1b0dd3459f43d9ca11d48c339b68cfc"},
]

[[package]]
name = "amaranth"
version = "0.4.dev227+g4e4085a"
requires_python = "~=3.8"
git = "https://github.com/amaranth-lang/amaranth.git"
ref = "4e4085a95b"
revision = "4e4085a95b50e41288615d20211c6c5a41a01193"
summary = "Amaranth hardware definition language"
dependencies = [
    "Jinja2~=3.0",
    "pyvcd<0.5,>=0.2.2",
]

[[package]]
name = "amaranth-yosys"
version = "0.10.0.0.post56"
requires_python = "~=3.5"
summary = "Specialized WebAssembly build of Yosys used by Amaranth HDL"
dependencies = [
    "wasmtime>=1.0",
]
files = [
    {file = "amaranth_yosys-0.10.0.0.post56-py3-none-any.whl", hash = "sha256:dd11d50ab248a88574c9fcb44f41ea00415bb9b827e0a26929bbcede61073da3"},
]

[[package]]
name = "async-timeout"
version = "4.0.3"
requires_python = ">=3.7"
summary = "Timeout context manager for asyncio programs"
files = [
    {file = "async-timeout-4.0.3.tar.gz", hash = "sha256:4640d96be84d82d02ed59ea2b7105a0f7b33abe8703703cd0ab0bf87c427522f"},
    {file = "async_timeout-4.0.3-py3-none-any.whl", hash = "sha256:7405140ff1230c310e51dc27b3145b9092d659ce68ff733fb0cefe3ee42be028"},
]

[[package]]
name = "attrs"
version = "23.1.0"
requires_python = ">=3.7"
summary = "Classes Without Boilerplate"
files = [
    {file = "attrs-23.1.0-py3-none-any.whl", hash = "sha256:1f28b4522cdc2fb4256ac1a020c78acf9cba2c6b461ccd2c126f3aa8e8335d04"},
    {file = "attrs-23.1.0.tar.gz", hash = "sha256:6279836d581513a26f1bf235f9acd333bc9115683f14f7e8fae46c98fc50e015"},
]

[[package]]
name = "click"
version = "8.1.7"
requires_python = ">=3.7"
summary = "Composable command line interface toolkit"
dependencies = [
    "colorama; platform_system == \"Windows\"",
]
files = [
    {file = "click-8.1.7-py3-none-any.whl", hash = "sha256:ae74fb96c20a0277a1d615f1e4d73c8414f5a98db8b799a7931d1582f3390c28"},
    {file = "click-8.1.7.tar.gz", hash = "sha256:ca9853ad459e787e2192211578cc907e7594e294c7ccc834310722b41b9ca6de"},
]

[[package]]
name = "colorama"
version = "0.4.6"
requires_python = "!=3.0.*,!=3.1.*,!=3.2.*,!=3.3.*,!=3.4.*,!=3.5.*,!=3.6.*,>=2.7"
summary = "Cross-platform colored terminal text."
files = [
    {file = "colorama-0.4.6-py2.py3-none-any.whl", hash = "sha256:4f1d9991f5acc0ca119f9d443620b77f9d6b33703e51011c16baf57afb285fc6"},
    {file = "colorama-0.4.6.tar.gz", hash = "sha256:08695f5cb7ed6e0531a20572697297273c47b8cae5a63ffc6d6ed5c201be6e44"},
]

[[package]]
name = "frozenlist"
version = "1.4.0"
requires_python = ">=3.8"
summary = "A list-like structure which implements collections.abc.MutableSequence"
files = [
    {file = "frozenlist-1.4.0-cp310-cp310-macosx_10_9_universal2.whl", hash = "sha256:764226ceef3125e53ea2cb275000e309c0aa5464d43bd72abd661e27fffc26ab"},
    {file = "frozenlist-1.4.0-cp310-cp310-macosx_10_9_x86_64.whl", hash = "sha256:d6484756b12f40003c6128bfcc3fa9f0d49a687e171186c2d85ec82e3758c559"},
    {file = "frozenlist-1.4.0-cp310-cp310-macosx_11_0_arm64.whl", hash = "sha256:9ac08e601308e41eb533f232dbf6b7e4cea762f9f84f6357136eed926c15d12c"},
    {file = "frozenlist-1.4.0-cp310-cp310-manylinux_2_17_aarch64.manylinux2014_aarch64.whl", hash = "sha256:d081f13b095d74b67d550de04df1c756831f3b83dc9881c38985834387487f1b"},
    {file = "frozenlist-1.4.0-cp310-cp310-manylinux_2_17_ppc64le.manylinux2014_ppc64le.whl", hash = "sha256:71932b597f9895f011f47f17d6428252fc728ba2ae6024e13c3398a087c2cdea"},
    {file = "frozenlist-1.4.0-cp310-cp310-manylinux_2_17_s390x.manylinux2014_s390x.whl", hash = "sha256:981b9ab5a0a3178ff413bca62526bb784249421c24ad7381e39d67981be2c326"},
    {file = "frozenlist-1.4.0-cp310-cp310-manylinux_2_5_i686.manylinux1_i686.manylinux_2_17_i686.manylinux2014_i686.whl", hash = "sha256:e41f3de4df3e80de75845d3e743b3f1c4c8613c3997a912dbf0229fc61a8b963"},
    {file = "frozenlist-1.4.0-cp310-cp310-manylinux_2_5_x86_64.manylinux1_x86_64.manylinux_2_17_x86_64.manylinux2014_x86_64.whl", hash = "sha256:6918d49b1f90821e93069682c06ffde41829c346c66b721e65a5c62b4bab0300"},
    {file = "frozenlist-1.4.0-cp310-cp310-musllinux_1_1_aarch64.whl", hash = "sha256:0e5c8764c7829343d919cc2dfc587a8db01c4f70a4ebbc49abde5d4b158b007b"},
    {file = "frozenlist-1.4.0-cp310-cp310-musllinux_1_1_i686.whl", hash = "sha256:8d0edd6b1c7fb94922bf569c9b092ee187a83f03fb1a63076e7774b60f9481a8"},
    {file = "frozenlist-1.4.0-cp310-cp310-musllinux_1_1_ppc64le.whl", hash = "sha256:e29cda763f752553fa14c68fb2195150bfab22b352572cb36c43c47bedba70eb"},
    {file = "frozenlist-1.4.0-cp310-cp310-musllinux_1_1_s390x.whl", hash = "sha256:0c7c1b47859ee2cac3846fde1c1dc0f15da6cec5a0e5c72d101e0f83dcb67ff9"},
    {file = "frozenlist-1.4.0-cp310-cp310-musllinux_1_1_x86_64.whl", hash = "sha256:901289d524fdd571be1c7be054f48b1f88ce8dddcbdf1ec698b27d4b8b9e5d62"},
    {file = "frozenlist-1.4.0-cp310-cp310-win32.whl", hash = "sha256:1a0848b52815006ea6596c395f87449f693dc419061cc21e970f139d466dc0a0"},
    {file = "frozenlist-1.4.0-cp310-cp310-win_amd64.whl", hash = "sha256:b206646d176a007466358aa21d85cd8600a415c67c9bd15403336c331a10d956"},
    {file = "frozenlist-1.4.0-cp311-cp311-macosx_10_9_universal2.whl", hash = "sha256:de343e75f40e972bae1ef6090267f8260c1446a1695e77096db6cfa25e759a95"},
    {file = "frozenlist-1.4.0-cp311-cp311-macosx_10_9_x86_64.whl", hash = "sha256:ad2a9eb6d9839ae241701d0918f54c51365a51407fd80f6b8289e2dfca977cc3"},
    {file = "frozenlist-1.4.0-cp311-cp311-macosx_11_0_arm64.whl", hash = "sha256:bd7bd3b3830247580de99c99ea2a01416dfc3c34471ca1298bccabf86d0ff4dc"},
    {file = "frozenlist-1.4.0-cp311-cp311-manylinux_2_17_aarch64.manylinux2014_aarch64.whl", hash = "sha256:bdf1847068c362f16b353163391210269e4f0569a3c166bc6a9f74ccbfc7e839"},
    {file = "frozenlist-1.4.0-cp311-cp311-manylinux_2_17_ppc64le.manylinux2014_ppc64le.whl", hash = "sha256:38461d02d66de17455072c9ba981d35f1d2a73024bee7790ac2f9e361ef1cd0c"},
    {file = "frozenlist-1.4.0-cp311-cp311-manylinux_2_17_s390x.manylinux2014_s390x.whl", hash = "sha256:d5a32087d720c608f42caed0ef36d2b3ea61a9d09ee59a5142d6070da9041b8f"},
    {file = "frozenlist-1.4.0-cp311-cp311-manylinux_2_5_i686.manylinux1_i686.manylinux_2_17_i686.manylinux2014_i686.whl", hash = "sha256:dd65632acaf0d47608190a71bfe46b209719bf2beb59507db08ccdbe712f969b"},
    {file = "frozenlist-1.4.0-cp311-cp311-manylinux_2_5_x86_64.manylinux1_x86_64.manylinux_2_17_x86_64.manylinux2014_x86_64.whl", hash = "sha256:261b9f5d17cac914531331ff1b1d452125bf5daa05faf73b71d935485b0c510b"},
    {file = "frozenlist-1.4.0-cp311-cp311-musllinux_1_1_aarch64.whl", hash = "sha256:b89ac9768b82205936771f8d2eb3ce88503b1556324c9f903e7156669f521472"},
    {file = "frozenlist-1.4.0-cp311-cp311-musllinux_1_1_i686.whl", hash = "sha256:008eb8b31b3ea6896da16c38c1b136cb9fec9e249e77f6211d479db79a4eaf01"},
    {file = "frozenlist-1.4.0-cp311-cp311-musllinux_1_1_ppc64le.whl", hash = "sha256:e74b0506fa5aa5598ac6a975a12aa8928cbb58e1f5ac8360792ef15de1aa848f"},
    {file = "frozenlist-1.4.0-cp311-cp311-musllinux_1_1_s390x.whl", hash = "sha256:490132667476f6781b4c9458298b0c1cddf237488abd228b0b3650e5ecba7467"},
    {file = "frozenlist-1.4.0-cp311-cp311-musllinux_1_1_x86_64.whl", hash = "sha256:76d4711f6f6d08551a7e9ef28c722f4a50dd0fc204c56b4bcd95c6cc05ce6fbb"},
    {file = "frozenlist-1.4.0-cp311-cp311-win32.whl", hash = "sha256:a02eb8ab2b8f200179b5f62b59757685ae9987996ae549ccf30f983f40602431"},
    {file = "frozenlist-1.4.0-cp311-cp311-win_amd64.whl", hash = "sha256:515e1abc578dd3b275d6a5114030b1330ba044ffba03f94091842852f806f1c1"},
    {file = "frozenlist-1.4.0-cp39-cp39-macosx_10_9_universal2.whl", hash = "sha256:6c38721585f285203e4b4132a352eb3daa19121a035f3182e08e437cface44bf"},
    {file = "frozenlist-1.4.0-cp39-cp39-macosx_10_9_x86_64.whl", hash = "sha256:a0c6da9aee33ff0b1a451e867da0c1f47408112b3391dd43133838339e410963"},
    {file = "frozenlist-1.4.0-cp39-cp39-macosx_11_0_arm64.whl", hash = "sha256:93ea75c050c5bb3d98016b4ba2497851eadf0ac154d88a67d7a6816206f6fa7f"},
    {file = "frozenlist-1.4.0-cp39-cp39-manylinux_2_17_aarch64.manylinux2014_aarch64.whl", hash = "sha256:f61e2dc5ad442c52b4887f1fdc112f97caeff4d9e6ebe78879364ac59f1663e1"},
    {file = "frozenlist-1.4.0-cp39-cp39-manylinux_2_17_ppc64le.manylinux2014_ppc64le.whl", hash = "sha256:aa384489fefeb62321b238e64c07ef48398fe80f9e1e6afeff22e140e0850eef"},
    {file = "frozenlist-1.4.0-cp39-cp39-manylinux_2_17_s390x.manylinux2014_s390x.whl", hash = "sha256:10ff5faaa22786315ef57097a279b833ecab1a0bfb07d604c9cbb1c4cdc2ed87"},
    {file = "frozenlist-1.4.0-cp39-cp39-manylinux_2_5_i686.manylinux1_i686.manylinux_2_17_i686.manylinux2014_i686.whl", hash = "sha256:007df07a6e3eb3e33e9a1fe6a9db7af152bbd8a185f9aaa6ece10a3529e3e1c6"},
    {file = "frozenlist-1.4.0-cp39-cp39-manylinux_2_5_x86_64.manylinux1_x86_64.manylinux_2_17_x86_64.manylinux2014_x86_64.whl", hash = "sha256:7f4f399d28478d1f604c2ff9119907af9726aed73680e5ed1ca634d377abb087"},
    {file = "frozenlist-1.4.0-cp39-cp39-musllinux_1_1_aarch64.whl", hash = "sha256:c5374b80521d3d3f2ec5572e05adc94601985cc526fb276d0c8574a6d749f1b3"},
    {file = "frozenlist-1.4.0-cp39-cp39-musllinux_1_1_i686.whl", hash = "sha256:ce31ae3e19f3c902de379cf1323d90c649425b86de7bbdf82871b8a2a0615f3d"},
    {file = "frozenlist-1.4.0-cp39-cp39-musllinux_1_1_ppc64le.whl", hash = "sha256:7211ef110a9194b6042449431e08c4d80c0481e5891e58d429df5899690511c2"},
    {file = "frozenlist-1.4.0-cp39-cp39-musllinux_1_1_s390x.whl", hash = "sha256:556de4430ce324c836789fa4560ca62d1591d2538b8ceb0b4f68fb7b2384a27a"},
    {file = "frozenlist-1.4.0-cp39-cp39-musllinux_1_1_x86_64.whl", hash = "sha256:7645a8e814a3ee34a89c4a372011dcd817964ce8cb273c8ed6119d706e9613e3"},
    {file = "frozenlist-1.4.0-cp39-cp39-win32.whl", hash = "sha256:19488c57c12d4e8095a922f328df3f179c820c212940a498623ed39160bc3c2f"},
    {file = "frozenlist-1.4.0-cp39-cp39-win_amd64.whl", hash = "sha256:6221d84d463fb110bdd7619b69cb43878a11d51cbb9394ae3105d082d5199167"},
    {file = "frozenlist-1.4.0.tar.gz", hash = "sha256:09163bdf0b2907454042edb19f887c6d33806adc71fbd54afc14908bfdc22251"},
]

[[package]]
name = "fx2"
version = "0.11"
summary = "A Python package for interacting with Cypress EZ-USB FX2 series chips"
dependencies = [
    "libusb1>=1.0",
]
files = [
    {file = "fx2-0.11-py3-none-any.whl", hash = "sha256:3de180e99053db0f253de86b85a6f16145850b568a4b0d5076af00eb222304b6"},
]

[[package]]
name = "idna"
version = "3.6"
requires_python = ">=3.5"
summary = "Internationalized Domain Names in Applications (IDNA)"
files = [
    {file = "idna-3.6-py3-none-any.whl", hash = "sha256:c05567e9c24a6b9faaa835c4821bad0590fbb9d5779e7caa6e1cc4978e7eb24f"},
    {file = "idna-3.6.tar.gz", hash = "sha256:9ecdbbd083b06798ae1e86adcbfe8ab1479cf864e4ee30fe4e46a003d12491ca"},
]

[[package]]
name = "jinja2"
version = "3.1.2"
requires_python = ">=3.7"
summary = "A very fast and expressive template engine."
dependencies = [
    "MarkupSafe>=2.0",
]
files = [
    {file = "Jinja2-3.1.2-py3-none-any.whl", hash = "sha256:6088930bfe239f0e6710546ab9c19c9ef35e29792895fed6e6e31a023a182a61"},
    {file = "Jinja2-3.1.2.tar.gz", hash = "sha256:31351a702a408a9e7595a8fc6150fc3f43bb6bf7e319770cbc0db9df9437e852"},
]

[[package]]
name = "libusb1"
version = "3.1.0"
summary = "Pure-python wrapper for libusb-1.0"
files = [
    {file = "libusb1-3.1.0-py3-none-any.whl", hash = "sha256:9d9f16e2c199cab91f48ead585d3f5ec7e8e4be428a25ddfed22abf786fa9b3a"},
    {file = "libusb1-3.1.0-py3-none-win32.whl", hash = "sha256:bc7874302565721f443a27d8182fcc7152e5b560523f12f1377b130f473e4a0c"},
    {file = "libusb1-3.1.0-py3-none-win_amd64.whl", hash = "sha256:77a06ecfb3d002d7c2ce369e28d0138b292fe8db8a3d102b73fda231a716dd35"},
    {file = "libusb1-3.1.0.tar.gz", hash = "sha256:4ee9b0a55f8bd0b3ea7017ae919a6c1f439af742c4a4b04543c5fd7af89b828c"},
]

[[package]]
name = "markupsafe"
version = "2.1.3"
requires_python = ">=3.7"
summary = "Safely add untrusted strings to HTML/XML markup."
files = [
    {file = "MarkupSafe-2.1.3-cp310-cp310-macosx_10_9_universal2.whl", hash = "sha256:cd0f502fe016460680cd20aaa5a76d241d6f35a1c3350c474bac1273803893fa"},
    {file = "MarkupSafe-2.1.3-cp310-cp310-macosx_10_9_x86_64.whl", hash = "sha256:e09031c87a1e51556fdcb46e5bd4f59dfb743061cf93c4d6831bf894f125eb57"},
    {file = "MarkupSafe-2.1.3-cp310-cp310-manylinux_2_17_aarch64.manylinux2014_aarch64.whl", hash = "sha256:68e78619a61ecf91e76aa3e6e8e33fc4894a2bebe93410754bd28fce0a8a4f9f"},
    {file = "MarkupSafe-2.1.3-cp310-cp310-manylinux_2_17_x86_64.manylinux2014_x86_64.whl", hash = "sha256:65c1a9bcdadc6c28eecee2c119465aebff8f7a584dd719facdd9e825ec61ab52"},
    {file = "MarkupSafe-2.1.3-cp310-cp310-manylinux_2_5_i686.manylinux1_i686.manylinux_2_17_i686.manylinux2014_i686.whl", hash = "sha256:525808b8019e36eb524b8c68acdd63a37e75714eac50e988180b169d64480a00"},
    {file = "MarkupSafe-2.1.3-cp310-cp310-musllinux_1_1_aarch64.whl", hash = "sha256:962f82a3086483f5e5f64dbad880d31038b698494799b097bc59c2edf392fce6"},
    {file = "MarkupSafe-2.1.3-cp310-cp310-musllinux_1_1_i686.whl", hash = "sha256:aa7bd130efab1c280bed0f45501b7c8795f9fdbeb02e965371bbef3523627779"},
    {file = "MarkupSafe-2.1.3-cp310-cp310-musllinux_1_1_x86_64.whl", hash = "sha256:c9c804664ebe8f83a211cace637506669e7890fec1b4195b505c214e50dd4eb7"},
    {file = "MarkupSafe-2.1.3-cp310-cp310-win32.whl", hash = "sha256:10bbfe99883db80bdbaff2dcf681dfc6533a614f700da1287707e8a5d78a8431"},
    {file = "MarkupSafe-2.1.3-cp310-cp310-win_amd64.whl", hash = "sha256:1577735524cdad32f9f694208aa75e422adba74f1baee7551620e43a3141f559"},
    {file = "MarkupSafe-2.1.3-cp311-cp311-macosx_10_9_universal2.whl", hash = "sha256:ad9e82fb8f09ade1c3e1b996a6337afac2b8b9e365f926f5a61aacc71adc5b3c"},
    {file = "MarkupSafe-2.1.3-cp311-cp311-macosx_10_9_x86_64.whl", hash = "sha256:3c0fae6c3be832a0a0473ac912810b2877c8cb9d76ca48de1ed31e1c68386575"},
    {file = "MarkupSafe-2.1.3-cp311-cp311-manylinux_2_17_aarch64.manylinux2014_aarch64.whl", hash = "sha256:b076b6226fb84157e3f7c971a47ff3a679d837cf338547532ab866c57930dbee"},
    {file = "MarkupSafe-2.1.3-cp311-cp311-manylinux_2_17_x86_64.manylinux2014_x86_64.whl", hash = "sha256:bfce63a9e7834b12b87c64d6b155fdd9b3b96191b6bd334bf37db7ff1fe457f2"},
    {file = "MarkupSafe-2.1.3-cp311-cp311-manylinux_2_5_i686.manylinux1_i686.manylinux_2_17_i686.manylinux2014_i686.whl", hash = "sha256:338ae27d6b8745585f87218a3f23f1512dbf52c26c28e322dbe54bcede54ccb9"},
    {file = "MarkupSafe-2.1.3-cp311-cp311-musllinux_1_1_aarch64.whl", hash = "sha256:e4dd52d80b8c83fdce44e12478ad2e85c64ea965e75d66dbeafb0a3e77308fcc"},
    {file = "MarkupSafe-2.1.3-cp311-cp311-musllinux_1_1_i686.whl", hash = "sha256:df0be2b576a7abbf737b1575f048c23fb1d769f267ec4358296f31c2479db8f9"},
    {file = "MarkupSafe-2.1.3-cp311-cp311-musllinux_1_1_x86_64.whl", hash = "sha256:5bbe06f8eeafd38e5d0a4894ffec89378b6c6a625ff57e3028921f8ff59318ac"},
    {file = "MarkupSafe-2.1.3-cp311-cp311-win32.whl", hash = "sha256:dd15ff04ffd7e05ffcb7fe79f1b98041b8ea30ae9234aed2a9168b5797c3effb"},
    {file = "MarkupSafe-2.1.3-cp311-cp311-win_amd64.whl", hash = "sha256:134da1eca9ec0ae528110ccc9e48041e0828d79f24121a1a146161103c76e686"},
    {file = "MarkupSafe-2.1.3-cp312-cp312-macosx_10_9_universal2.whl", hash = "sha256:f698de3fd0c4e6972b92290a45bd9b1536bffe8c6759c62471efaa8acb4c37bc"},
    {file = "MarkupSafe-2.1.3-cp312-cp312-macosx_10_9_x86_64.whl", hash = "sha256:aa57bd9cf8ae831a362185ee444e15a93ecb2e344c8e52e4d721ea3ab6ef1823"},
    {file = "MarkupSafe-2.1.3-cp312-cp312-manylinux_2_17_aarch64.manylinux2014_aarch64.whl", hash = "sha256:ffcc3f7c66b5f5b7931a5aa68fc9cecc51e685ef90282f4a82f0f5e9b704ad11"},
    {file = "MarkupSafe-2.1.3-cp312-cp312-manylinux_2_17_x86_64.manylinux2014_x86_64.whl", hash = "sha256:47d4f1c5f80fc62fdd7777d0d40a2e9dda0a05883ab11374334f6c4de38adffd"},
    {file = "MarkupSafe-2.1.3-cp312-cp312-manylinux_2_5_i686.manylinux1_i686.manylinux_2_17_i686.manylinux2014_i686.whl", hash = "sha256:1f67c7038d560d92149c060157d623c542173016c4babc0c1913cca0564b9939"},
    {file = "MarkupSafe-2.1.3-cp312-cp312-musllinux_1_1_aarch64.whl", hash = "sha256:9aad3c1755095ce347e26488214ef77e0485a3c34a50c5a5e2471dff60b9dd9c"},
    {file = "MarkupSafe-2.1.3-cp312-cp312-musllinux_1_1_i686.whl", hash = "sha256:14ff806850827afd6b07a5f32bd917fb7f45b046ba40c57abdb636674a8b559c"},
    {file = "MarkupSafe-2.1.3-cp312-cp312-musllinux_1_1_x86_64.whl", hash = "sha256:8f9293864fe09b8149f0cc42ce56e3f0e54de883a9de90cd427f191c346eb2e1"},
    {file = "MarkupSafe-2.1.3-cp312-cp312-win32.whl", hash = "sha256:715d3562f79d540f251b99ebd6d8baa547118974341db04f5ad06d5ea3eb8007"},
    {file = "MarkupSafe-2.1.3-cp312-cp312-win_amd64.whl", hash = "sha256:1b8dd8c3fd14349433c79fa8abeb573a55fc0fdd769133baac1f5e07abf54aeb"},
    {file = "MarkupSafe-2.1.3-cp39-cp39-macosx_10_9_universal2.whl", hash = "sha256:8023faf4e01efadfa183e863fefde0046de576c6f14659e8782065bcece22198"},
    {file = "MarkupSafe-2.1.3-cp39-cp39-macosx_10_9_x86_64.whl", hash = "sha256:6b2b56950d93e41f33b4223ead100ea0fe11f8e6ee5f641eb753ce4b77a7042b"},
    {file = "MarkupSafe-2.1.3-cp39-cp39-manylinux_2_17_aarch64.manylinux2014_aarch64.whl", hash = "sha256:9dcdfd0eaf283af041973bff14a2e143b8bd64e069f4c383416ecd79a81aab58"},
    {file = "MarkupSafe-2.1.3-cp39-cp39-manylinux_2_17_x86_64.manylinux2014_x86_64.whl", hash = "sha256:05fb21170423db021895e1ea1e1f3ab3adb85d1c2333cbc2310f2a26bc77272e"},
    {file = "MarkupSafe-2.1.3-cp39-cp39-manylinux_2_5_i686.manylinux1_i686.manylinux_2_17_i686.manylinux2014_i686.whl", hash = "sha256:282c2cb35b5b673bbcadb33a585408104df04f14b2d9b01d4c345a3b92861c2c"},
    {file = "MarkupSafe-2.1.3-cp39-cp39-musllinux_1_1_aarch64.whl", hash = "sha256:ab4a0df41e7c16a1392727727e7998a467472d0ad65f3ad5e6e765015df08636"},
    {file = "MarkupSafe-2.1.3-cp39-cp39-musllinux_1_1_i686.whl", hash = "sha256:7ef3cb2ebbf91e330e3bb937efada0edd9003683db6b57bb108c4001f37a02ea"},
    {file = "MarkupSafe-2.1.3-cp39-cp39-musllinux_1_1_x86_64.whl", hash = "sha256:0a4e4a1aff6c7ac4cd55792abf96c915634c2b97e3cc1c7129578aa68ebd754e"},
    {file = "MarkupSafe-2.1.3-cp39-cp39-win32.whl", hash = "sha256:fec21693218efe39aa7f8599346e90c705afa52c5b31ae019b2e57e8f6542bb2"},
    {file = "MarkupSafe-2.1.3-cp39-cp39-win_amd64.whl", hash = "sha256:3fd4abcb888d15a94f32b75d8fd18ee162ca0c064f35b11134be77050296d6ba"},
    {file = "MarkupSafe-2.1.3.tar.gz", hash = "sha256:af598ed32d6ae86f1b747b82783958b1a4ab8f617b06fe68795c7f026abbdcad"},
]

[[package]]
name = "multidict"
version = "6.0.4"
requires_python = ">=3.7"
summary = "multidict implementation"
files = [
    {file = "multidict-6.0.4-cp310-cp310-macosx_10_9_universal2.whl", hash = "sha256:0b1a97283e0c85772d613878028fec909f003993e1007eafa715b24b377cb9b8"},
    {file = "multidict-6.0.4-cp310-cp310-macosx_10_9_x86_64.whl", hash = "sha256:eeb6dcc05e911516ae3d1f207d4b0520d07f54484c49dfc294d6e7d63b734171"},
    {file = "multidict-6.0.4-cp310-cp310-macosx_11_0_arm64.whl", hash = "sha256:d6d635d5209b82a3492508cf5b365f3446afb65ae7ebd755e70e18f287b0adf7"},
    {file = "multidict-6.0.4-cp310-cp310-manylinux_2_17_aarch64.manylinux2014_aarch64.whl", hash = "sha256:c048099e4c9e9d615545e2001d3d8a4380bd403e1a0578734e0d31703d1b0c0b"},
    {file = "multidict-6.0.4-cp310-cp310-manylinux_2_17_ppc64le.manylinux2014_ppc64le.whl", hash = "sha256:ea20853c6dbbb53ed34cb4d080382169b6f4554d394015f1bef35e881bf83547"},
    {file = "multidict-6.0.4-cp310-cp310-manylinux_2_17_s390x.manylinux2014_s390x.whl", hash = "sha256:16d232d4e5396c2efbbf4f6d4df89bfa905eb0d4dc5b3549d872ab898451f569"},
    {file = "multidict-6.0.4-cp310-cp310-manylinux_2_17_x86_64.manylinux2014_x86_64.whl", hash = "sha256:36c63aaa167f6c6b04ef2c85704e93af16c11d20de1d133e39de6a0e84582a93"},
    {file = "multidict-6.0.4-cp310-cp310-manylinux_2_5_i686.manylinux1_i686.manylinux_2_17_i686.manylinux2014_i686.whl", hash = "sha256:64bdf1086b6043bf519869678f5f2757f473dee970d7abf6da91ec00acb9cb98"},
    {file = "multidict-6.0.4-cp310-cp310-musllinux_1_1_aarch64.whl", hash = "sha256:43644e38f42e3af682690876cff722d301ac585c5b9e1eacc013b7a3f7b696a0"},
    {file = "multidict-6.0.4-cp310-cp310-musllinux_1_1_i686.whl", hash = "sha256:7582a1d1030e15422262de9f58711774e02fa80df0d1578995c76214f6954988"},
    {file = "multidict-6.0.4-cp310-cp310-musllinux_1_1_ppc64le.whl", hash = "sha256:ddff9c4e225a63a5afab9dd15590432c22e8057e1a9a13d28ed128ecf047bbdc"},
    {file = "multidict-6.0.4-cp310-cp310-musllinux_1_1_s390x.whl", hash = "sha256:ee2a1ece51b9b9e7752e742cfb661d2a29e7bcdba2d27e66e28a99f1890e4fa0"},
    {file = "multidict-6.0.4-cp310-cp310-musllinux_1_1_x86_64.whl", hash = "sha256:a2e4369eb3d47d2034032a26c7a80fcb21a2cb22e1173d761a162f11e562caa5"},
    {file = "multidict-6.0.4-cp310-cp310-win32.whl", hash = "sha256:574b7eae1ab267e5f8285f0fe881f17efe4b98c39a40858247720935b893bba8"},
    {file = "multidict-6.0.4-cp310-cp310-win_amd64.whl", hash = "sha256:4dcbb0906e38440fa3e325df2359ac6cb043df8e58c965bb45f4e406ecb162cc"},
    {file = "multidict-6.0.4-cp311-cp311-macosx_10_9_universal2.whl", hash = "sha256:0dfad7a5a1e39c53ed00d2dd0c2e36aed4650936dc18fd9a1826a5ae1cad6f03"},
    {file = "multidict-6.0.4-cp311-cp311-macosx_10_9_x86_64.whl", hash = "sha256:64da238a09d6039e3bd39bb3aee9c21a5e34f28bfa5aa22518581f910ff94af3"},
    {file = "multidict-6.0.4-cp311-cp311-macosx_11_0_arm64.whl", hash = "sha256:ff959bee35038c4624250473988b24f846cbeb2c6639de3602c073f10410ceba"},
    {file = "multidict-6.0.4-cp311-cp311-manylinux_2_17_aarch64.manylinux2014_aarch64.whl", hash = "sha256:01a3a55bd90018c9c080fbb0b9f4891db37d148a0a18722b42f94694f8b6d4c9"},
    {file = "multidict-6.0.4-cp311-cp311-manylinux_2_17_ppc64le.manylinux2014_ppc64le.whl", hash = "sha256:c5cb09abb18c1ea940fb99360ea0396f34d46566f157122c92dfa069d3e0e982"},
    {file = "multidict-6.0.4-cp311-cp311-manylinux_2_17_s390x.manylinux2014_s390x.whl", hash = "sha256:666daae833559deb2d609afa4490b85830ab0dfca811a98b70a205621a6109fe"},
    {file = "multidict-6.0.4-cp311-cp311-manylinux_2_17_x86_64.manylinux2014_x86_64.whl", hash = "sha256:11bdf3f5e1518b24530b8241529d2050014c884cf18b6fc69c0c2b30ca248710"},
    {file = "multidict-6.0.4-cp311-cp311-manylinux_2_5_i686.manylinux1_i686.manylinux_2_17_i686.manylinux2014_i686.whl", hash = "sha256:7d18748f2d30f94f498e852c67d61261c643b349b9d2a581131725595c45ec6c"},
    {file = "multidict-6.0.4-cp311-cp311-musllinux_1_1_aarch64.whl", hash = "sha256:458f37be2d9e4c95e2d8866a851663cbc76e865b78395090786f6cd9b3bbf4f4"},
    {file = "multidict-6.0.4-cp311-cp311-musllinux_1_1_i686.whl", hash = "sha256:b1a2eeedcead3a41694130495593a559a668f382eee0727352b9a41e1c45759a"},
    {file = "multidict-6.0.4-cp311-cp311-musllinux_1_1_ppc64le.whl", hash = "sha256:7d6ae9d593ef8641544d6263c7fa6408cc90370c8cb2bbb65f8d43e5b0351d9c"},
    {file = "multidict-6.0.4-cp311-cp311-musllinux_1_1_s390x.whl", hash = "sha256:5979b5632c3e3534e42ca6ff856bb24b2e3071b37861c2c727ce220d80eee9ed"},
    {file = "multidict-6.0.4-cp311-cp311-musllinux_1_1_x86_64.whl", hash = "sha256:dcfe792765fab89c365123c81046ad4103fcabbc4f56d1c1997e6715e8015461"},
    {file = "multidict-6.0.4-cp311-cp311-win32.whl", hash = "sha256:3601a3cece3819534b11d4efc1eb76047488fddd0c85a3948099d5da4d504636"},
    {file = "multidict-6.0.4-cp311-cp311-win_amd64.whl", hash = "sha256:81a4f0b34bd92df3da93315c6a59034df95866014ac08535fc819f043bfd51f0"},
    {file = "multidict-6.0.4-cp39-cp39-macosx_10_9_universal2.whl", hash = "sha256:16ab77bbeb596e14212e7bab8429f24c1579234a3a462105cda4a66904998664"},
    {file = "multidict-6.0.4-cp39-cp39-macosx_10_9_x86_64.whl", hash = "sha256:bc779e9e6f7fda81b3f9aa58e3a6091d49ad528b11ed19f6621408806204ad35"},
    {file = "multidict-6.0.4-cp39-cp39-macosx_11_0_arm64.whl", hash = "sha256:4ceef517eca3e03c1cceb22030a3e39cb399ac86bff4e426d4fc6ae49052cc60"},
    {file = "multidict-6.0.4-cp39-cp39-manylinux_2_17_aarch64.manylinux2014_aarch64.whl", hash = "sha256:281af09f488903fde97923c7744bb001a9b23b039a909460d0f14edc7bf59706"},
    {file = "multidict-6.0.4-cp39-cp39-manylinux_2_17_ppc64le.manylinux2014_ppc64le.whl", hash = "sha256:52f2dffc8acaba9a2f27174c41c9e57f60b907bb9f096b36b1a1f3be71c6284d"},
    {file = "multidict-6.0.4-cp39-cp39-manylinux_2_17_s390x.manylinux2014_s390x.whl", hash = "sha256:b41156839806aecb3641f3208c0dafd3ac7775b9c4c422d82ee2a45c34ba81ca"},
    {file = "multidict-6.0.4-cp39-cp39-manylinux_2_17_x86_64.manylinux2014_x86_64.whl", hash = "sha256:d5e3fc56f88cc98ef8139255cf8cd63eb2c586531e43310ff859d6bb3a6b51f1"},
    {file = "multidict-6.0.4-cp39-cp39-manylinux_2_5_i686.manylinux1_i686.manylinux_2_17_i686.manylinux2014_i686.whl", hash = "sha256:8316a77808c501004802f9beebde51c9f857054a0c871bd6da8280e718444449"},
    {file = "multidict-6.0.4-cp39-cp39-musllinux_1_1_aarch64.whl", hash = "sha256:f70b98cd94886b49d91170ef23ec5c0e8ebb6f242d734ed7ed677b24d50c82cf"},
    {file = "multidict-6.0.4-cp39-cp39-musllinux_1_1_i686.whl", hash = "sha256:bf6774e60d67a9efe02b3616fee22441d86fab4c6d335f9d2051d19d90a40063"},
    {file = "multidict-6.0.4-cp39-cp39-musllinux_1_1_ppc64le.whl", hash = "sha256:e69924bfcdda39b722ef4d9aa762b2dd38e4632b3641b1d9a57ca9cd18f2f83a"},
    {file = "multidict-6.0.4-cp39-cp39-musllinux_1_1_s390x.whl", hash = "sha256:6b181d8c23da913d4ff585afd1155a0e1194c0b50c54fcfe286f70cdaf2b7176"},
    {file = "multidict-6.0.4-cp39-cp39-musllinux_1_1_x86_64.whl", hash = "sha256:52509b5be062d9eafc8170e53026fbc54cf3b32759a23d07fd935fb04fc22d95"},
    {file = "multidict-6.0.4-cp39-cp39-win32.whl", hash = "sha256:27c523fbfbdfd19c6867af7346332b62b586eed663887392cff78d614f9ec313"},
    {file = "multidict-6.0.4-cp39-cp39-win_amd64.whl", hash = "sha256:33029f5734336aa0d4c0384525da0387ef89148dc7191aae00ca5fb23d7aafc2"},
    {file = "multidict-6.0.4.tar.gz", hash = "sha256:3666906492efb76453c0e7b97f2cf459b0682e7402c0489a95484965dbc1da49"},
]

[[package]]
name = "packaging"
version = "23.0"
requires_python = ">=3.7"
summary = "Core utilities for Python packages"
files = [
    {file = "packaging-23.0-py3-none-any.whl", hash = "sha256:714ac14496c3e68c99c29b00845f7a2b85f3bb6f1078fd9f72fd20f0570002b2"},
    {file = "packaging-23.0.tar.gz", hash = "sha256:b6ad297f8907de0fa2fe1ccbd26fdaf387f5f47c7275fedf8cce89f99446cf97"},
]

[[package]]
name = "platformdirs"
version = "3.0.0"
requires_python = ">=3.7"
summary = "A small Python package for determining appropriate platform-specific dirs, e.g. a \"user data dir\"."
files = [
    {file = "platformdirs-3.0.0-py3-none-any.whl", hash = "sha256:b1d5eb14f221506f50d6604a561f4c5786d9e80355219694a1b244bcd96f4567"},
    {file = "platformdirs-3.0.0.tar.gz", hash = "sha256:8a1228abb1ef82d788f74139988b137e78692984ec7b08eaa6c65f1723af28f9"},
]

[[package]]
name = "pyvcd"
version = "0.2.3"
requires_python = ">= 3.6"
summary = "Python VCD file support"
files = [
    {file = "pyvcd-0.2.3-py2.py3-none-any.whl", hash = "sha256:d4132a03afd353e68fb2a2eb983606603f7e60091198a026fee5fb6da50bbd48"},
    {file = "pyvcd-0.2.3.tar.gz", hash = "sha256:c0fd7321143e821033f59dd41fc6b0350d1533ddccd4c8fc1d1f76e21cd667de"},
]

[[package]]
name = "typing-extensions"
version = "4.8.0"
requires_python = ">=3.8"
summary = "Backported and Experimental Type Hints for Python 3.8+"
files = [
    {file = "typing_extensions-4.8.0-py3-none-any.whl", hash = "sha256:8f92fc8806f9a6b641eaa5318da32b44d401efaac0f6678c9bc448ba3605faa0"},
    {file = "typing_extensions-4.8.0.tar.gz", hash = "sha256:df8e4339e9cb77357558cbdbceca33c303714cf861d1eef15e1070055ae8b7ef"},
]

[[package]]
name = "wasmtime"
version = "14.0.0"
requires_python = ">=3.8"
summary = "A WebAssembly runtime powered by Wasmtime"
files = [
    {file = "wasmtime-14.0.0-py3-none-any.whl", hash = "sha256:708f3399d54b4304aa59c55351e06698c8d18073a70f3299eebe07e3987a7353"},
    {file = "wasmtime-14.0.0-py3-none-macosx_10_13_x86_64.whl", hash = "sha256:13a63d99c8f53526ec8ca061a223b9499ec7cf991e3946f6fcf002a807beb079"},
    {file = "wasmtime-14.0.0-py3-none-macosx_11_0_arm64.whl", hash = "sha256:3e1cb2a78ddce2040aa908690462deecab04924021f75de94b6ee32d0a907bc4"},
    {file = "wasmtime-14.0.0-py3-none-manylinux1_x86_64.whl", hash = "sha256:236a9f3fb04b29bb9e553de814f2b748f2087f3fdfa99ce552f637ddedcc2a59"},
    {file = "wasmtime-14.0.0-py3-none-manylinux2014_aarch64.whl", hash = "sha256:ec9a7fcd01ba4b04ee8f4c9d169dcf0f0fe67aa7ff8d032629cd8a08caf30c51"},
    {file = "wasmtime-14.0.0-py3-none-win_amd64.whl", hash = "sha256:2f3a3589b6ede7c96e5d1cd45f65f88d154ccc9e9ddb34f75b49ce6db5ab6497"},
]

[[package]]
name = "yarl"
version = "1.9.4"
requires_python = ">=3.7"
summary = "Yet another URL library"
dependencies = [
    "idna>=2.0",
    "multidict>=4.0",
]
files = [
    {file = "yarl-1.9.4-cp310-cp310-macosx_10_9_universal2.whl", hash = "sha256:a8c1df72eb746f4136fe9a2e72b0c9dc1da1cbd23b5372f94b5820ff8ae30e0e"},
    {file = "yarl-1.9.4-cp310-cp310-macosx_10_9_x86_64.whl", hash = "sha256:a3a6ed1d525bfb91b3fc9b690c5a21bb52de28c018530ad85093cc488bee2dd2"},
    {file = "yarl-1.9.4-cp310-cp310-macosx_11_0_arm64.whl", hash = "sha256:c38c9ddb6103ceae4e4498f9c08fac9b590c5c71b0370f98714768e22ac6fa66"},
    {file = "yarl-1.9.4-cp310-cp310-manylinux_2_17_aarch64.manylinux2014_aarch64.whl", hash = "sha256:d9e09c9d74f4566e905a0b8fa668c58109f7624db96a2171f21747abc7524234"},
    {file = "yarl-1.9.4-cp310-cp310-manylinux_2_17_ppc64le.manylinux2014_ppc64le.whl", hash = "sha256:b8477c1ee4bd47c57d49621a062121c3023609f7a13b8a46953eb6c9716ca392"},
    {file = "yarl-1.9.4-cp310-cp310-manylinux_2_17_s390x.manylinux2014_s390x.whl", hash = "sha256:d5ff2c858f5f6a42c2a8e751100f237c5e869cbde669a724f2062d4c4ef93551"},
    {file = "yarl-1.9.4-cp310-cp310-manylinux_2_17_x86_64.manylinux2014_x86_64.whl", hash = "sha256:357495293086c5b6d34ca9616a43d329317feab7917518bc97a08f9e55648455"},
    {file = "yarl-1.9.4-cp310-cp310-manylinux_2_5_i686.manylinux1_i686.manylinux_2_17_i686.manylinux2014_i686.whl", hash = "sha256:54525ae423d7b7a8ee81ba189f131054defdb122cde31ff17477951464c1691c"},
    {file = "yarl-1.9.4-cp310-cp310-musllinux_1_1_aarch64.whl", hash = "sha256:801e9264d19643548651b9db361ce3287176671fb0117f96b5ac0ee1c3530d53"},
    {file = "yarl-1.9.4-cp310-cp310-musllinux_1_1_i686.whl", hash = "sha256:e516dc8baf7b380e6c1c26792610230f37147bb754d6426462ab115a02944385"},
    {file = "yarl-1.9.4-cp310-cp310-musllinux_1_1_ppc64le.whl", hash = "sha256:7d5aaac37d19b2904bb9dfe12cdb08c8443e7ba7d2852894ad448d4b8f442863"},
    {file = "yarl-1.9.4-cp310-cp310-musllinux_1_1_s390x.whl", hash = "sha256:54beabb809ffcacbd9d28ac57b0db46e42a6e341a030293fb3185c409e626b8b"},
    {file = "yarl-1.9.4-cp310-cp310-musllinux_1_1_x86_64.whl", hash = "sha256:bac8d525a8dbc2a1507ec731d2867025d11ceadcb4dd421423a5d42c56818541"},
    {file = "yarl-1.9.4-cp310-cp310-win32.whl", hash = "sha256:7855426dfbddac81896b6e533ebefc0af2f132d4a47340cee6d22cac7190022d"},
    {file = "yarl-1.9.4-cp310-cp310-win_amd64.whl", hash = "sha256:848cd2a1df56ddbffeb375535fb62c9d1645dde33ca4d51341378b3f5954429b"},
    {file = "yarl-1.9.4-cp311-cp311-macosx_10_9_universal2.whl", hash = "sha256:35a2b9396879ce32754bd457d31a51ff0a9d426fd9e0e3c33394bf4b9036b099"},
    {file = "yarl-1.9.4-cp311-cp311-macosx_10_9_x86_64.whl", hash = "sha256:4c7d56b293cc071e82532f70adcbd8b61909eec973ae9d2d1f9b233f3d943f2c"},
    {file = "yarl-1.9.4-cp311-cp311-macosx_11_0_arm64.whl", hash = "sha256:d8a1c6c0be645c745a081c192e747c5de06e944a0d21245f4cf7c05e457c36e0"},
    {file = "yarl-1.9.4-cp311-cp311-manylinux_2_17_aarch64.manylinux2014_aarch64.whl", hash = "sha256:4b3c1ffe10069f655ea2d731808e76e0f452fc6c749bea04781daf18e6039525"},
    {file = "yarl-1.9.4-cp311-cp311-manylinux_2_17_ppc64le.manylinux2014_ppc64le.whl", hash = "sha256:549d19c84c55d11687ddbd47eeb348a89df9cb30e1993f1b128f4685cd0ebbf8"},
    {file = "yarl-1.9.4-cp311-cp311-manylinux_2_17_s390x.manylinux2014_s390x.whl", hash = "sha256:a7409f968456111140c1c95301cadf071bd30a81cbd7ab829169fb9e3d72eae9"},
    {file = "yarl-1.9.4-cp311-cp311-manylinux_2_17_x86_64.manylinux2014_x86_64.whl", hash = "sha256:e23a6d84d9d1738dbc6e38167776107e63307dfc8ad108e580548d1f2c587f42"},
    {file = "yarl-1.9.4-cp311-cp311-manylinux_2_5_i686.manylinux1_i686.manylinux_2_17_i686.manylinux2014_i686.whl", hash = "sha256:d8b889777de69897406c9fb0b76cdf2fd0f31267861ae7501d93003d55f54fbe"},
    {file = "yarl-1.9.4-cp311-cp311-musllinux_1_1_aarch64.whl", hash = "sha256:03caa9507d3d3c83bca08650678e25364e1843b484f19986a527630ca376ecce"},
    {file = "yarl-1.9.4-cp311-cp311-musllinux_1_1_i686.whl", hash = "sha256:4e9035df8d0880b2f1c7f5031f33f69e071dfe72ee9310cfc76f7b605958ceb9"},
    {file = "yarl-1.9.4-cp311-cp311-musllinux_1_1_ppc64le.whl", hash = "sha256:c0ec0ed476f77db9fb29bca17f0a8fcc7bc97ad4c6c1d8959c507decb22e8572"},
    {file = "yarl-1.9.4-cp311-cp311-musllinux_1_1_s390x.whl", hash = "sha256:ee04010f26d5102399bd17f8df8bc38dc7ccd7701dc77f4a68c5b8d733406958"},
    {file = "yarl-1.9.4-cp311-cp311-musllinux_1_1_x86_64.whl", hash = "sha256:49a180c2e0743d5d6e0b4d1a9e5f633c62eca3f8a86ba5dd3c471060e352ca98"},
    {file = "yarl-1.9.4-cp311-cp311-win32.whl", hash = "sha256:81eb57278deb6098a5b62e88ad8281b2ba09f2f1147c4767522353eaa6260b31"},
    {file = "yarl-1.9.4-cp311-cp311-win_amd64.whl", hash = "sha256:d1d2532b340b692880261c15aee4dc94dd22ca5d61b9db9a8a361953d36410b1"},
    {file = "yarl-1.9.4-cp312-cp312-macosx_10_9_universal2.whl", hash = "sha256:0d2454f0aef65ea81037759be5ca9947539667eecebca092733b2eb43c965a81"},
    {file = "yarl-1.9.4-cp312-cp312-macosx_10_9_x86_64.whl", hash = "sha256:44d8ffbb9c06e5a7f529f38f53eda23e50d1ed33c6c869e01481d3fafa6b8142"},
    {file = "yarl-1.9.4-cp312-cp312-macosx_11_0_arm64.whl", hash = "sha256:aaaea1e536f98754a6e5c56091baa1b6ce2f2700cc4a00b0d49eca8dea471074"},
    {file = "yarl-1.9.4-cp312-cp312-manylinux_2_17_aarch64.manylinux2014_aarch64.whl", hash = "sha256:3777ce5536d17989c91696db1d459574e9a9bd37660ea7ee4d3344579bb6f129"},
    {file = "yarl-1.9.4-cp312-cp312-manylinux_2_17_ppc64le.manylinux2014_ppc64le.whl", hash = "sha256:9fc5fc1eeb029757349ad26bbc5880557389a03fa6ada41703db5e068881e5f2"},
    {file = "yarl-1.9.4-cp312-cp312-manylinux_2_17_s390x.manylinux2014_s390x.whl", hash = "sha256:ea65804b5dc88dacd4a40279af0cdadcfe74b3e5b4c897aa0d81cf86927fee78"},
    {file = "yarl-1.9.4-cp312-cp312-manylinux_2_17_x86_64.manylinux2014_x86_64.whl", hash = "sha256:aa102d6d280a5455ad6a0f9e6d769989638718e938a6a0a2ff3f4a7ff8c62cc4"},
    {file = "yarl-1.9.4-cp312-cp312-manylinux_2_5_i686.manylinux1_i686.manylinux_2_17_i686.manylinux2014_i686.whl", hash = "sha256:09efe4615ada057ba2d30df871d2f668af661e971dfeedf0c159927d48bbeff0"},
    {file = "yarl-1.9.4-cp312-cp312-musllinux_1_1_aarch64.whl", hash = "sha256:008d3e808d03ef28542372d01057fd09168419cdc8f848efe2804f894ae03e51"},
    {file = "yarl-1.9.4-cp312-cp312-musllinux_1_1_i686.whl", hash = "sha256:6f5cb257bc2ec58f437da2b37a8cd48f666db96d47b8a3115c29f316313654ff"},
    {file = "yarl-1.9.4-cp312-cp312-musllinux_1_1_ppc64le.whl", hash = "sha256:992f18e0ea248ee03b5a6e8b3b4738850ae7dbb172cc41c966462801cbf62cf7"},
    {file = "yarl-1.9.4-cp312-cp312-musllinux_1_1_s390x.whl", hash = "sha256:0e9d124c191d5b881060a9e5060627694c3bdd1fe24c5eecc8d5d7d0eb6faabc"},
    {file = "yarl-1.9.4-cp312-cp312-musllinux_1_1_x86_64.whl", hash = "sha256:3986b6f41ad22988e53d5778f91855dc0399b043fc8946d4f2e68af22ee9ff10"},
    {file = "yarl-1.9.4-cp312-cp312-win32.whl", hash = "sha256:4b21516d181cd77ebd06ce160ef8cc2a5e9ad35fb1c5930882baff5ac865eee7"},
    {file = "yarl-1.9.4-cp312-cp312-win_amd64.whl", hash = "sha256:a9bd00dc3bc395a662900f33f74feb3e757429e545d831eef5bb280252631984"},
    {file = "yarl-1.9.4-cp39-cp39-macosx_10_9_universal2.whl", hash = "sha256:604f31d97fa493083ea21bd9b92c419012531c4e17ea6da0f65cacdcf5d0bd27"},
    {file = "yarl-1.9.4-cp39-cp39-macosx_10_9_x86_64.whl", hash = "sha256:8a854227cf581330ffa2c4824d96e52ee621dd571078a252c25e3a3b3d94a1b1"},
    {file = "yarl-1.9.4-cp39-cp39-macosx_11_0_arm64.whl", hash = "sha256:ba6f52cbc7809cd8d74604cce9c14868306ae4aa0282016b641c661f981a6e91"},
    {file = "yarl-1.9.4-cp39-cp39-manylinux_2_17_aarch64.manylinux2014_aarch64.whl", hash = "sha256:a6327976c7c2f4ee6816eff196e25385ccc02cb81427952414a64811037bbc8b"},
    {file = "yarl-1.9.4-cp39-cp39-manylinux_2_17_ppc64le.manylinux2014_ppc64le.whl", hash = "sha256:8397a3817d7dcdd14bb266283cd1d6fc7264a48c186b986f32e86d86d35fbac5"},
    {file = "yarl-1.9.4-cp39-cp39-manylinux_2_17_s390x.manylinux2014_s390x.whl", hash = "sha256:e0381b4ce23ff92f8170080c97678040fc5b08da85e9e292292aba67fdac6c34"},
    {file = "yarl-1.9.4-cp39-cp39-manylinux_2_17_x86_64.manylinux2014_x86_64.whl", hash = "sha256:23d32a2594cb5d565d358a92e151315d1b2268bc10f4610d098f96b147370136"},
    {file = "yarl-1.9.4-cp39-cp39-manylinux_2_5_i686.manylinux1_i686.manylinux_2_17_i686.manylinux2014_i686.whl", hash = "sha256:ddb2a5c08a4eaaba605340fdee8fc08e406c56617566d9643ad8bf6852778fc7"},
    {file = "yarl-1.9.4-cp39-cp39-musllinux_1_1_aarch64.whl", hash = "sha256:26a1dc6285e03f3cc9e839a2da83bcbf31dcb0d004c72d0730e755b33466c30e"},
    {file = "yarl-1.9.4-cp39-cp39-musllinux_1_1_i686.whl", hash = "sha256:18580f672e44ce1238b82f7fb87d727c4a131f3a9d33a5e0e82b793362bf18b4"},
    {file = "yarl-1.9.4-cp39-cp39-musllinux_1_1_ppc64le.whl", hash = "sha256:29e0f83f37610f173eb7e7b5562dd71467993495e568e708d99e9d1944f561ec"},
    {file = "yarl-1.9.4-cp39-cp39-musllinux_1_1_s390x.whl", hash = "sha256:1f23e4fe1e8794f74b6027d7cf19dc25f8b63af1483d91d595d4a07eca1fb26c"},
    {file = "yarl-1.9.4-cp39-cp39-musllinux_1_1_x86_64.whl", hash = "sha256:db8e58b9d79200c76956cefd14d5c90af54416ff5353c5bfd7cbe58818e26ef0"},
    {file = "yarl-1.9.4-cp39-cp39-win32.whl", hash = "sha256:c7224cab95645c7ab53791022ae77a4509472613e839dab722a72abe5a684575"},
    {file = "yarl-1.9.4-cp39-cp39-win_amd64.whl", hash = "sha256:824d6c50492add5da9374875ce72db7a0733b29c2394890aef23d533106e2b15"},
    {file = "yarl-1.9.4-py3-none-any.whl", hash = "sha256:928cecb0ef9d5a7946eb6ff58417ad2fe9375762382f1bf5c55e61645f2c43ad"},
    {file = "yarl-1.9.4.tar.gz", hash = "sha256:566db86717cf8080b99b58b083b773a908ae40f06681e87e589a976faf8246bf"},
]

[[package]]
name = "yowasp-nextpnr-ice40"
version = "0.1.0.0.post403"
summary = "nextpnr-ice40 FPGA place and route tool"
dependencies = [
    "yowasp-runtime~=1.1",
]
files = [
    {file = "yowasp_nextpnr_ice40-0.1.0.0.post403-py3-none-any.whl", hash = "sha256:90b39ce8ff69178733e4051c41ce73aee2270ce5f78a6e0830e6a3a93d2d516a"},
]

[[package]]
name = "yowasp-runtime"
version = "1.42"
requires_python = "~=3.8"
summary = "Common runtime for YoWASP packages"
dependencies = [
    "platformdirs~=3.0",
    "wasmtime<15,>=1.0",
]
files = [
    {file = "yowasp_runtime-1.42-py3-none-any.whl", hash = "sha256:d3897a3639a0178c8a63c8427762f6cd6dd0c11b26f534f2e602fbc177082f6d"},
]

[[package]]
name = "yowasp-yosys"
version = "0.31.0.13.post553"
summary = "Yosys Open SYnthesis Suite"
dependencies = [
    "click",
    "yowasp-runtime~=1.12",
]
files = [
    {file = "yowasp_yosys-0.31.0.13.post553-py3-none-any.whl", hash = "sha256:ace8d93a15d21b145afcbbe664269961ecb94f59180b06e8418a0a6a617bad21"},
]
